
Microsoft Visual Studio Solution File, Format Version 12.00
# Visual Studio Version 16
VisualStudioVersion = 16.0.31321.278
MinimumVisualStudioVersion = 10.0.40219.1
Project("{FAE04EC0-301F-11D3-BF4B-00C04F79EFBC}") = "CinemaAutomation", "CinemaAutomation\CinemaAutomation.csproj", "{4D0B7C37-DBD3-4EF1-8CC5-C6364BF6FD62}"
EndProject
Global
	GlobalSection(SolutionConfigurationPlatforms) = preSolution
		Debug|Any CPU = Debug|Any CPU
		Release|Any CPU = Release|Any CPU
	EndGlobalSection
	GlobalSection(ProjectConfigurationPlatforms) = postSolution
		{4D0B7C37-DBD3-4EF1-8CC5-C6364BF6FD62}.Debug|Any CPU.ActiveCfg = Debug|Any CPU
		{4D0B7C37-DBD3-4EF1-8CC5-C6364BF6FD62}.Debug|Any CPU.Build.0 = Debug|Any CPU
		{4D0B7C37-DBD3-4EF1-8CC5-C6364BF6FD62}.Release|Any CPU.ActiveCfg = Release|Any CPU
		{4D0B7C37-DBD3-4EF1-8CC5-C6364BF6FD62}.Release|Any CPU.Build.0 = Release|Any CPU
	EndGlobalSection
	GlobalSection(SolutionProperties) = preSolution
		HideSolutionNode = FALSE
	EndGlobalSection
	GlobalSection(ExtensibilityGlobals) = postSolution
		SolutionGuid = {E55A011A-3633-4CD8-93E0-BAC691799F56}
	EndGlobalSection
EndGlobal
